
Microsoft Visual Studio Solution File, Format Version 12.00
# Visual Studio Version 17
VisualStudioVersion = 17.8.34511.84
MinimumVisualStudioVersion = 10.0.40219.1
Project("{FAE04EC0-301F-11D3-BF4B-00C04F79EFBC}") = "DataAccess", "DataAccess\DataAccess.csproj", "{7C3CAC71-B54D-484E-9CCF-5B4A6DEC19E3}"
EndProject
Project("{FAE04EC0-301F-11D3-BF4B-00C04F79EFBC}") = "Business", "Business\Business.csproj", "{F3C180C8-6329-463B-A8F2-57737605F1F3}"
EndProject
Project("{FAE04EC0-301F-11D3-BF4B-00C04F79EFBC}") = "Entities", "Entities\Entities.csproj", "{AEF58983-FA8D-4A9E-A311-9EE03A8E8BA6}"
EndProject
Project("{FAE04EC0-301F-11D3-BF4B-00C04F79EFBC}") = "ConsoleUI", "ConsoleUI\ConsoleUI.csproj", "{FDF56ADA-C519-41FA-B8B5-02310D77444D}"
EndProject
Project("{FAE04EC0-301F-11D3-BF4B-00C04F79EFBC}") = "Core", "Core\Core.csproj", "{A4FCDAF7-7B0C-4F38-9930-628D685B05B9}"
EndProject
Global
	GlobalSection(SolutionConfigurationPlatforms) = preSolution
		Debug|Any CPU = Debug|Any CPU
		Release|Any CPU = Release|Any CPU
	EndGlobalSection
	GlobalSection(ProjectConfigurationPlatforms) = postSolution
		{7C3CAC71-B54D-484E-9CCF-5B4A6DEC19E3}.Debug|Any CPU.ActiveCfg = Debug|Any CPU
		{7C3CAC71-B54D-484E-9CCF-5B4A6DEC19E3}.Debug|Any CPU.Build.0 = Debug|Any CPU
		{7C3CAC71-B54D-484E-9CCF-5B4A6DEC19E3}.Release|Any CPU.ActiveCfg = Release|Any CPU
		{7C3CAC71-B54D-484E-9CCF-5B4A6DEC19E3}.Release|Any CPU.Build.0 = Release|Any CPU
		{F3C180C8-6329-463B-A8F2-57737605F1F3}.Debug|Any CPU.ActiveCfg = Debug|Any CPU
		{F3C180C8-6329-463B-A8F2-57737605F1F3}.Debug|Any CPU.Build.0 = Debug|Any CPU
		{F3C180C8-6329-463B-A8F2-57737605F1F3}.Release|Any CPU.ActiveCfg = Release|Any CPU
		{F3C180C8-6329-463B-A8F2-57737605F1F3}.Release|Any CPU.Build.0 = Release|Any CPU
		{AEF58983-FA8D-4A9E-A311-9EE03A8E8BA6}.Debug|Any CPU.ActiveCfg = Debug|Any CPU
		{AEF58983-FA8D-4A9E-A311-9EE03A8E8BA6}.Debug|Any CPU.Build.0 = Debug|Any CPU
		{AEF58983-FA8D-4A9E-A311-9EE03A8E8BA6}.Release|Any CPU.ActiveCfg = Release|Any CPU
		{AEF58983-FA8D-4A9E-A311-9EE03A8E8BA6}.Release|Any CPU.Build.0 = Release|Any CPU
		{FDF56ADA-C519-41FA-B8B5-02310D77444D}.Debug|Any CPU.ActiveCfg = Debug|Any CPU
		{FDF56ADA-C519-41FA-B8B5-02310D77444D}.Debug|Any CPU.Build.0 = Debug|Any CPU
		{FDF56ADA-C519-41FA-B8B5-02310D77444D}.Release|Any CPU.ActiveCfg = Release|Any CPU
		{FDF56ADA-C519-41FA-B8B5-02310D77444D}.Release|Any CPU.Build.0 = Release|Any CPU
		{A4FCDAF7-7B0C-4F38-9930-628D685B05B9}.Debug|Any CPU.ActiveCfg = Debug|Any CPU
		{A4FCDAF7-7B0C-4F38-9930-628D685B05B9}.Debug|Any CPU.Build.0 = Debug|Any CPU
		{A4FCDAF7-7B0C-4F38-9930-628D685B05B9}.Release|Any CPU.ActiveCfg = Release|Any CPU
		{A4FCDAF7-7B0C-4F38-9930-628D685B05B9}.Release|Any CPU.Build.0 = Release|Any CPU
	EndGlobalSection
	GlobalSection(SolutionProperties) = preSolution
		HideSolutionNode = FALSE
	EndGlobalSection
	GlobalSection(ExtensibilityGlobals) = postSolution
		SolutionGuid = {2C04FDDB-D2D7-4ECB-B341-A27712B936B5}
	EndGlobalSection
EndGlobal
